// !$*UTF8*$!
{
	archiveVersion = 1;
	classes = {
	};
	objectVersion = 48;
	objects = {

/* Begin PBXBuildFile section */
		EF5C4328209238C900F23BE5 /* PlayerAnimController.swift in Sources */ = {isa = PBXBuildFile; fileRef = EF5C4327209238C900F23BE5 /* PlayerAnimController.swift */; };
		EFAE1CC1207FF2A800B3EAB7 /* StoreKit.framework in Frameworks */ = {isa = PBXBuildFile; fileRef = EFAE1CC0207FF2A800B3EAB7 /* StoreKit.framework */; };
		EFAE1CC3207FF2D200B3EAB7 /* libicucore.tbd in Frameworks */ = {isa = PBXBuildFile; fileRef = EFAE1CC2207FF2D200B3EAB7 /* libicucore.tbd */; };
		EFAE1CC5207FF35700B3EAB7 /* libsqlite3.tbd in Frameworks */ = {isa = PBXBuildFile; fileRef = EFAE1CC4207FF35700B3EAB7 /* libsqlite3.tbd */; };
		EFAE1CCF207FF70500B3EAB7 /* FirebaseAnalytics.framework in Frameworks */ = {isa = PBXBuildFile; fileRef = EFAE1CC8207FF70500B3EAB7 /* FirebaseAnalytics.framework */; };
		EFAE1CD0207FF70500B3EAB7 /* FirebaseCoreDiagnostics.framework in Frameworks */ = {isa = PBXBuildFile; fileRef = EFAE1CC9207FF70500B3EAB7 /* FirebaseCoreDiagnostics.framework */; };
		EFAE1CD1207FF70500B3EAB7 /* FirebaseInstanceID.framework in Frameworks */ = {isa = PBXBuildFile; fileRef = EFAE1CCA207FF70500B3EAB7 /* FirebaseInstanceID.framework */; };
		EFAE1CD2207FF70500B3EAB7 /* nanopb.framework in Frameworks */ = {isa = PBXBuildFile; fileRef = EFAE1CCB207FF70500B3EAB7 /* nanopb.framework */; };
		EFAE1CD3207FF70500B3EAB7 /* FirebaseCore.framework in Frameworks */ = {isa = PBXBuildFile; fileRef = EFAE1CCC207FF70500B3EAB7 /* FirebaseCore.framework */; };
		EFAE1CD4207FF70500B3EAB7 /* FirebaseNanoPB.framework in Frameworks */ = {isa = PBXBuildFile; fileRef = EFAE1CCD207FF70500B3EAB7 /* FirebaseNanoPB.framework */; };
		EFAE1CD5207FF70500B3EAB7 /* GoogleToolboxForMac.framework in Frameworks */ = {isa = PBXBuildFile; fileRef = EFAE1CCE207FF70500B3EAB7 /* GoogleToolboxForMac.framework */; };
		EFAE1CD8207FF71E00B3EAB7 /* FirebaseDatabase.framework in Frameworks */ = {isa = PBXBuildFile; fileRef = EFAE1CD6207FF71E00B3EAB7 /* FirebaseDatabase.framework */; };
		EFAE1CD9207FF71E00B3EAB7 /* leveldb-library.framework in Frameworks */ = {isa = PBXBuildFile; fileRef = EFAE1CD7207FF71E00B3EAB7 /* leveldb-library.framework */; };
		EFAE1CDF207FF95D00B3EAB7 /* GoogleService-Info.plist in Resources */ = {isa = PBXBuildFile; fileRef = EFAE1CDE207FF95D00B3EAB7 /* GoogleService-Info.plist */; };
		EFAE1CE1207FFA3300B3EAB7 /* GameObjectDB.swift in Sources */ = {isa = PBXBuildFile; fileRef = EFAE1CE0207FFA3300B3EAB7 /* GameObjectDB.swift */; };
		EFAFC1F42076AA1E005DF34A /* AppDelegate.swift in Sources */ = {isa = PBXBuildFile; fileRef = EFAFC1F32076AA1E005DF34A /* AppDelegate.swift */; };
		EFAFC1F62076AA1E005DF34A /* GameScene.sks in Resources */ = {isa = PBXBuildFile; fileRef = EFAFC1F52076AA1E005DF34A /* GameScene.sks */; };
		EFAFC1F82076AA1E005DF34A /* Actions.sks in Resources */ = {isa = PBXBuildFile; fileRef = EFAFC1F72076AA1E005DF34A /* Actions.sks */; };
		EFAFC1FA2076AA1E005DF34A /* GameScene.swift in Sources */ = {isa = PBXBuildFile; fileRef = EFAFC1F92076AA1E005DF34A /* GameScene.swift */; };
		EFAFC1FC2076AA1E005DF34A /* GameViewController.swift in Sources */ = {isa = PBXBuildFile; fileRef = EFAFC1FB2076AA1E005DF34A /* GameViewController.swift */; };
		EFAFC1FF2076AA1E005DF34A /* Main.storyboard in Resources */ = {isa = PBXBuildFile; fileRef = EFAFC1FD2076AA1E005DF34A /* Main.storyboard */; };
		EFAFC2012076AA1E005DF34A /* Assets.xcassets in Resources */ = {isa = PBXBuildFile; fileRef = EFAFC2002076AA1E005DF34A /* Assets.xcassets */; };
		EFAFC2042076AA1E005DF34A /* LaunchScreen.storyboard in Resources */ = {isa = PBXBuildFile; fileRef = EFAFC2022076AA1E005DF34A /* LaunchScreen.storyboard */; };
		EFAFC20C2076AFE8005DF34A /* GameObject.swift in Sources */ = {isa = PBXBuildFile; fileRef = EFAFC20B2076AFE8005DF34A /* GameObject.swift */; };
		EFAFC2102076B04E005DF34A /* Player.swift in Sources */ = {isa = PBXBuildFile; fileRef = EFAFC20F2076B04E005DF34A /* Player.swift */; };
		EFAFC2122076B4F6005DF34A /* Obsticle.swift in Sources */ = {isa = PBXBuildFile; fileRef = EFAFC2112076B4F6005DF34A /* Obsticle.swift */; };
		EFAFC2142076B543005DF34A /* Moving platform.swift in Sources */ = {isa = PBXBuildFile; fileRef = EFAFC2132076B543005DF34A /* Moving platform.swift */; };
		EFAFC2162076B5F3005DF34A /* StaticGround.swift in Sources */ = {isa = PBXBuildFile; fileRef = EFAFC2152076B5F3005DF34A /* StaticGround.swift */; };
		EFAFC21A2076B8C5005DF34A /* GameObjectFactory.swift in Sources */ = {isa = PBXBuildFile; fileRef = EFAFC2192076B8C5005DF34A /* GameObjectFactory.swift */; };
		EFAFC21C2076B901005DF34A /* DeathZone.swift in Sources */ = {isa = PBXBuildFile; fileRef = EFAFC21B2076B901005DF34A /* DeathZone.swift */; };
		EFAFC21E2076C084005DF34A /* Victory zone.swift in Sources */ = {isa = PBXBuildFile; fileRef = EFAFC21D2076C084005DF34A /* Victory zone.swift */; };
		EFAFC2202076C239005DF34A /* MovableObject.swift in Sources */ = {isa = PBXBuildFile; fileRef = EFAFC21F2076C239005DF34A /* MovableObject.swift */; };
/* End PBXBuildFile section */

/* Begin PBXFileReference section */
		EF5C4327209238C900F23BE5 /* PlayerAnimController.swift */ = {isa = PBXFileReference; lastKnownFileType = sourcecode.swift; path = PlayerAnimController.swift; sourceTree = "<group>"; };
		EFAE1CB8207FE82900B3EAB7 /* Utilities */ = {isa = PBXFileReference; lastKnownFileType = folder; name = Utilities; path = /Users/n01113752/Documents/GitHub/Crosser/Crosser/Utilities; sourceTree = "<absolute>"; };
		EFAE1CC0207FF2A800B3EAB7 /* StoreKit.framework */ = {isa = PBXFileReference; lastKnownFileType = wrapper.framework; name = StoreKit.framework; path = System/Library/Frameworks/StoreKit.framework; sourceTree = SDKROOT; };
		EFAE1CC2207FF2D200B3EAB7 /* libicucore.tbd */ = {isa = PBXFileReference; lastKnownFileType = "sourcecode.text-based-dylib-definition"; name = libicucore.tbd; path = usr/lib/libicucore.tbd; sourceTree = SDKROOT; };
		EFAE1CC4207FF35700B3EAB7 /* libsqlite3.tbd */ = {isa = PBXFileReference; lastKnownFileType = "sourcecode.text-based-dylib-definition"; name = libsqlite3.tbd; path = usr/lib/libsqlite3.tbd; sourceTree = SDKROOT; };
		EFAE1CC8207FF70500B3EAB7 /* FirebaseAnalytics.framework */ = {isa = PBXFileReference; lastKnownFileType = wrapper.framework; path = FirebaseAnalytics.framework; sourceTree = "<group>"; };
		EFAE1CC9207FF70500B3EAB7 /* FirebaseCoreDiagnostics.framework */ = {isa = PBXFileReference; lastKnownFileType = wrapper.framework; path = FirebaseCoreDiagnostics.framework; sourceTree = "<group>"; };
		EFAE1CCA207FF70500B3EAB7 /* FirebaseInstanceID.framework */ = {isa = PBXFileReference; lastKnownFileType = wrapper.framework; path = FirebaseInstanceID.framework; sourceTree = "<group>"; };
		EFAE1CCB207FF70500B3EAB7 /* nanopb.framework */ = {isa = PBXFileReference; lastKnownFileType = wrapper.framework; path = nanopb.framework; sourceTree = "<group>"; };
		EFAE1CCC207FF70500B3EAB7 /* FirebaseCore.framework */ = {isa = PBXFileReference; lastKnownFileType = wrapper.framework; path = FirebaseCore.framework; sourceTree = "<group>"; };
		EFAE1CCD207FF70500B3EAB7 /* FirebaseNanoPB.framework */ = {isa = PBXFileReference; lastKnownFileType = wrapper.framework; path = FirebaseNanoPB.framework; sourceTree = "<group>"; };
		EFAE1CCE207FF70500B3EAB7 /* GoogleToolboxForMac.framework */ = {isa = PBXFileReference; lastKnownFileType = wrapper.framework; path = GoogleToolboxForMac.framework; sourceTree = "<group>"; };
		EFAE1CD6207FF71E00B3EAB7 /* FirebaseDatabase.framework */ = {isa = PBXFileReference; lastKnownFileType = wrapper.framework; path = FirebaseDatabase.framework; sourceTree = "<group>"; };
		EFAE1CD7207FF71E00B3EAB7 /* leveldb-library.framework */ = {isa = PBXFileReference; lastKnownFileType = wrapper.framework; path = "leveldb-library.framework"; sourceTree = "<group>"; };
		EFAE1CDA207FF7D400B3EAB7 /* Firebase.h */ = {isa = PBXFileReference; lastKnownFileType = sourcecode.c.h; path = Firebase.h; sourceTree = "<group>"; };
		EFAE1CDE207FF95D00B3EAB7 /* GoogleService-Info.plist */ = {isa = PBXFileReference; fileEncoding = 4; lastKnownFileType = text.plist.xml; path = "GoogleService-Info.plist"; sourceTree = "<group>"; };
		EFAE1CE0207FFA3300B3EAB7 /* GameObjectDB.swift */ = {isa = PBXFileReference; lastKnownFileType = sourcecode.swift; path = GameObjectDB.swift; sourceTree = "<group>"; };
		EFAFC1F02076AA1E005DF34A /* Crosser.app */ = {isa = PBXFileReference; explicitFileType = wrapper.application; includeInIndex = 0; path = Crosser.app; sourceTree = BUILT_PRODUCTS_DIR; };
		EFAFC1F32076AA1E005DF34A /* AppDelegate.swift */ = {isa = PBXFileReference; lastKnownFileType = sourcecode.swift; path = AppDelegate.swift; sourceTree = "<group>"; };
		EFAFC1F52076AA1E005DF34A /* GameScene.sks */ = {isa = PBXFileReference; lastKnownFileType = file.sks; path = GameScene.sks; sourceTree = "<group>"; };
		EFAFC1F72076AA1E005DF34A /* Actions.sks */ = {isa = PBXFileReference; lastKnownFileType = file.sks; path = Actions.sks; sourceTree = "<group>"; };
		EFAFC1F92076AA1E005DF34A /* GameScene.swift */ = {isa = PBXFileReference; lastKnownFileType = sourcecode.swift; path = GameScene.swift; sourceTree = "<group>"; };
		EFAFC1FB2076AA1E005DF34A /* GameViewController.swift */ = {isa = PBXFileReference; lastKnownFileType = sourcecode.swift; path = GameViewController.swift; sourceTree = "<group>"; };
		EFAFC1FE2076AA1E005DF34A /* Base */ = {isa = PBXFileReference; lastKnownFileType = file.storyboard; name = Base; path = Base.lproj/Main.storyboard; sourceTree = "<group>"; };
		EFAFC2002076AA1E005DF34A /* Assets.xcassets */ = {isa = PBXFileReference; lastKnownFileType = folder.assetcatalog; path = Assets.xcassets; sourceTree = "<group>"; };
		EFAFC2032076AA1E005DF34A /* Base */ = {isa = PBXFileReference; lastKnownFileType = file.storyboard; name = Base; path = Base.lproj/LaunchScreen.storyboard; sourceTree = "<group>"; };
		EFAFC2052076AA1E005DF34A /* Info.plist */ = {isa = PBXFileReference; lastKnownFileType = text.plist.xml; path = Info.plist; sourceTree = "<group>"; };
		EFAFC20B2076AFE8005DF34A /* GameObject.swift */ = {isa = PBXFileReference; lastKnownFileType = sourcecode.swift; path = GameObject.swift; sourceTree = "<group>"; };
		EFAFC20F2076B04E005DF34A /* Player.swift */ = {isa = PBXFileReference; lastKnownFileType = sourcecode.swift; path = Player.swift; sourceTree = "<group>"; };
		EFAFC2112076B4F6005DF34A /* Obsticle.swift */ = {isa = PBXFileReference; lastKnownFileType = sourcecode.swift; path = Obsticle.swift; sourceTree = "<group>"; };
		EFAFC2132076B543005DF34A /* Moving platform.swift */ = {isa = PBXFileReference; lastKnownFileType = sourcecode.swift; path = "Moving platform.swift"; sourceTree = "<group>"; };
		EFAFC2152076B5F3005DF34A /* StaticGround.swift */ = {isa = PBXFileReference; lastKnownFileType = sourcecode.swift; path = StaticGround.swift; sourceTree = "<group>"; };
		EFAFC2192076B8C5005DF34A /* GameObjectFactory.swift */ = {isa = PBXFileReference; lastKnownFileType = sourcecode.swift; path = GameObjectFactory.swift; sourceTree = "<group>"; };
		EFAFC21B2076B901005DF34A /* DeathZone.swift */ = {isa = PBXFileReference; lastKnownFileType = sourcecode.swift; path = DeathZone.swift; sourceTree = "<group>"; };
		EFAFC21D2076C084005DF34A /* Victory zone.swift */ = {isa = PBXFileReference; lastKnownFileType = sourcecode.swift; path = "Victory zone.swift"; sourceTree = "<group>"; };
		EFAFC21F2076C239005DF34A /* MovableObject.swift */ = {isa = PBXFileReference; lastKnownFileType = sourcecode.swift; path = MovableObject.swift; sourceTree = "<group>"; };
/* End PBXFileReference section */

/* Begin PBXFrameworksBuildPhase section */
		EFAFC1ED2076AA1E005DF34A /* Frameworks */ = {
			isa = PBXFrameworksBuildPhase;
			buildActionMask = 2147483647;
			files = (
				EFAE1CD4207FF70500B3EAB7 /* FirebaseNanoPB.framework in Frameworks */,
				EFAE1CCF207FF70500B3EAB7 /* FirebaseAnalytics.framework in Frameworks */,
				EFAE1CD1207FF70500B3EAB7 /* FirebaseInstanceID.framework in Frameworks */,
				EFAE1CC5207FF35700B3EAB7 /* libsqlite3.tbd in Frameworks */,
				EFAE1CD2207FF70500B3EAB7 /* nanopb.framework in Frameworks */,
				EFAE1CD9207FF71E00B3EAB7 /* leveldb-library.framework in Frameworks */,
				EFAE1CD3207FF70500B3EAB7 /* FirebaseCore.framework in Frameworks */,
				EFAE1CD0207FF70500B3EAB7 /* FirebaseCoreDiagnostics.framework in Frameworks */,
				EFAE1CC3207FF2D200B3EAB7 /* libicucore.tbd in Frameworks */,
				EFAE1CD8207FF71E00B3EAB7 /* FirebaseDatabase.framework in Frameworks */,
				EFAE1CC1207FF2A800B3EAB7 /* StoreKit.framework in Frameworks */,
				EFAE1CD5207FF70500B3EAB7 /* GoogleToolboxForMac.framework in Frameworks */,
			);
			runOnlyForDeploymentPostprocessing = 0;
		};
/* End PBXFrameworksBuildPhase section */

/* Begin PBXGroup section */
		EF0679CD2089399800A0FFFF /* GameObjects */ = {
			isa = PBXGroup;
			children = (
				EFAE1CE0207FFA3300B3EAB7 /* GameObjectDB.swift */,
				EF0679CE208939B900A0FFFF /* Factory */,
				EFAFC20B2076AFE8005DF34A /* GameObject.swift */,
				EFAFC2152076B5F3005DF34A /* StaticGround.swift */,
				EFAFC21B2076B901005DF34A /* DeathZone.swift */,
				EFAFC21D2076C084005DF34A /* Victory zone.swift */,
				EFAFC21F2076C239005DF34A /* MovableObject.swift */,
				EFAFC20F2076B04E005DF34A /* Player.swift */,
				EFAFC2112076B4F6005DF34A /* Obsticle.swift */,
				EFAFC2132076B543005DF34A /* Moving platform.swift */,
			);
			path = GameObjects;
			sourceTree = "<group>";
		};
		EF0679CE208939B900A0FFFF /* Factory */ = {
			isa = PBXGroup;
			children = (
				EFAFC2192076B8C5005DF34A /* GameObjectFactory.swift */,
			);
			path = Factory;
			sourceTree = "<group>";
		};
		EF5C43252092362400F23BE5 /* Animation */ = {
			isa = PBXGroup;
			children = (
				EF5C4327209238C900F23BE5 /* PlayerAnimController.swift */,
			);
			path = Animation;
			sourceTree = "<group>";
		};
		EF5C43262092362E00F23BE5 /* Particles */ = {
			isa = PBXGroup;
			children = (
			);
			path = Particles;
			sourceTree = "<group>";
		};
		EFAE1CBF207FF2A800B3EAB7 /* Frameworks */ = {
			isa = PBXGroup;
			children = (
				EFAE1CD6207FF71E00B3EAB7 /* FirebaseDatabase.framework */,
				EFAE1CD7207FF71E00B3EAB7 /* leveldb-library.framework */,
				EFAE1CC8207FF70500B3EAB7 /* FirebaseAnalytics.framework */,
				EFAE1CCC207FF70500B3EAB7 /* FirebaseCore.framework */,
				EFAE1CC9207FF70500B3EAB7 /* FirebaseCoreDiagnostics.framework */,
				EFAE1CCA207FF70500B3EAB7 /* FirebaseInstanceID.framework */,
				EFAE1CCD207FF70500B3EAB7 /* FirebaseNanoPB.framework */,
				EFAE1CCE207FF70500B3EAB7 /* GoogleToolboxForMac.framework */,
				EFAE1CCB207FF70500B3EAB7 /* nanopb.framework */,
				EFAE1CC4207FF35700B3EAB7 /* libsqlite3.tbd */,
				EFAE1CC2207FF2D200B3EAB7 /* libicucore.tbd */,
				EFAE1CC0207FF2A800B3EAB7 /* StoreKit.framework */,
			);
			name = Frameworks;
			sourceTree = "<group>";
		};
		EFAFC1E72076AA1E005DF34A = {
			isa = PBXGroup;
			children = (
				EFAFC1F22076AA1E005DF34A /* Crosser */,
				EFAFC1F12076AA1E005DF34A /* Products */,
				EFAE1CBF207FF2A800B3EAB7 /* Frameworks */,
			);
			sourceTree = "<group>";
		};
		EFAFC1F12076AA1E005DF34A /* Products */ = {
			isa = PBXGroup;
			children = (
				EFAFC1F02076AA1E005DF34A /* Crosser.app */,
			);
			name = Products;
			sourceTree = "<group>";
		};
		EFAFC1F22076AA1E005DF34A /* Crosser */ = {
			isa = PBXGroup;
			children = (
				EF5C43262092362E00F23BE5 /* Particles */,
				EF5C43252092362400F23BE5 /* Animation */,
				EF0679CD2089399800A0FFFF /* GameObjects */,
				EFAFC1F32076AA1E005DF34A /* AppDelegate.swift */,
				EFAFC1F52076AA1E005DF34A /* GameScene.sks */,
				EFAFC1F72076AA1E005DF34A /* Actions.sks */,
				EFAFC1F92076AA1E005DF34A /* GameScene.swift */,
				EFAFC1FB2076AA1E005DF34A /* GameViewController.swift */,
				EFAE1CDA207FF7D400B3EAB7 /* Firebase.h */,
				EFAFC1FD2076AA1E005DF34A /* Main.storyboard */,
				EFAFC2002076AA1E005DF34A /* Assets.xcassets */,
				EFAE1CDE207FF95D00B3EAB7 /* GoogleService-Info.plist */,
				EFAFC2022076AA1E005DF34A /* LaunchScreen.storyboard */,
				EFAFC2052076AA1E005DF34A /* Info.plist */,
				EFAE1CB8207FE82900B3EAB7 /* Utilities */,
			);
			path = Crosser;
			sourceTree = "<group>";
		};
/* End PBXGroup section */

/* Begin PBXNativeTarget section */
		EFAFC1EF2076AA1E005DF34A /* Crosser */ = {
			isa = PBXNativeTarget;
			buildConfigurationList = EFAFC2082076AA1E005DF34A /* Build configuration list for PBXNativeTarget "Crosser" */;
			buildPhases = (
				EFAFC1EC2076AA1E005DF34A /* Sources */,
				EFAFC1ED2076AA1E005DF34A /* Frameworks */,
				EFAFC1EE2076AA1E005DF34A /* Resources */,
			);
			buildRules = (
			);
			dependencies = (
			);
			name = Crosser;
			productName = Crosser;
			productReference = EFAFC1F02076AA1E005DF34A /* Crosser.app */;
			productType = "com.apple.product-type.application";
		};
/* End PBXNativeTarget section */

/* Begin PBXProject section */
		EFAFC1E82076AA1E005DF34A /* Project object */ = {
			isa = PBXProject;
			attributes = {
				LastSwiftUpdateCheck = 0920;
				LastUpgradeCheck = 0920;
				ORGANIZATIONNAME = "Rasmussen Darren K.";
				TargetAttributes = {
					EFAFC1EF2076AA1E005DF34A = {
						CreatedOnToolsVersion = 9.2;
						ProvisioningStyle = Automatic;
					};
				};
			};
			buildConfigurationList = EFAFC1EB2076AA1E005DF34A /* Build configuration list for PBXProject "Crosser" */;
			compatibilityVersion = "Xcode 8.0";
			developmentRegion = en;
			hasScannedForEncodings = 0;
			knownRegions = (
				en,
				Base,
			);
			mainGroup = EFAFC1E72076AA1E005DF34A;
			productRefGroup = EFAFC1F12076AA1E005DF34A /* Products */;
			projectDirPath = "";
			projectRoot = "";
			targets = (
				EFAFC1EF2076AA1E005DF34A /* Crosser */,
			);
		};
/* End PBXProject section */

/* Begin PBXResourcesBuildPhase section */
		EFAFC1EE2076AA1E005DF34A /* Resources */ = {
			isa = PBXResourcesBuildPhase;
			buildActionMask = 2147483647;
			files = (
				EFAFC1FF2076AA1E005DF34A /* Main.storyboard in Resources */,
				EFAFC1F62076AA1E005DF34A /* GameScene.sks in Resources */,
				EFAFC2012076AA1E005DF34A /* Assets.xcassets in Resources */,
				EFAFC2042076AA1E005DF34A /* LaunchScreen.storyboard in Resources */,
				EFAFC1F82076AA1E005DF34A /* Actions.sks in Resources */,
				EFAE1CDF207FF95D00B3EAB7 /* GoogleService-Info.plist in Resources */,
			);
			runOnlyForDeploymentPostprocessing = 0;
		};
/* End PBXResourcesBuildPhase section */

/* Begin PBXSourcesBuildPhase section */
		EFAFC1EC2076AA1E005DF34A /* Sources */ = {
			isa = PBXSourcesBuildPhase;
			buildActionMask = 2147483647;
			files = (
				EFAFC2122076B4F6005DF34A /* Obsticle.swift in Sources */,
				EFAFC20C2076AFE8005DF34A /* GameObject.swift in Sources */,
				EFAFC1FA2076AA1E005DF34A /* GameScene.swift in Sources */,
				EFAFC2142076B543005DF34A /* Moving platform.swift in Sources */,
				EFAFC21E2076C084005DF34A /* Victory zone.swift in Sources */,
				EFAFC21C2076B901005DF34A /* DeathZone.swift in Sources */,
				EFAFC2162076B5F3005DF34A /* StaticGround.swift in Sources */,
				EFAFC2202076C239005DF34A /* MovableObject.swift in Sources */,
				EFAFC1FC2076AA1E005DF34A /* GameViewController.swift in Sources */,
				EF5C4328209238C900F23BE5 /* PlayerAnimController.swift in Sources */,
				EFAFC2102076B04E005DF34A /* Player.swift in Sources */,
				EFAE1CE1207FFA3300B3EAB7 /* GameObjectDB.swift in Sources */,
				EFAFC1F42076AA1E005DF34A /* AppDelegate.swift in Sources */,
				EFAFC21A2076B8C5005DF34A /* GameObjectFactory.swift in Sources */,
			);
			runOnlyForDeploymentPostprocessing = 0;
		};
/* End PBXSourcesBuildPhase section */

/* Begin PBXVariantGroup section */
		EFAFC1FD2076AA1E005DF34A /* Main.storyboard */ = {
			isa = PBXVariantGroup;
			children = (
				EFAFC1FE2076AA1E005DF34A /* Base */,
			);
			name = Main.storyboard;
			sourceTree = "<group>";
		};
		EFAFC2022076AA1E005DF34A /* LaunchScreen.storyboard */ = {
			isa = PBXVariantGroup;
			children = (
				EFAFC2032076AA1E005DF34A /* Base */,
			);
			name = LaunchScreen.storyboard;
			sourceTree = "<group>";
		};
/* End PBXVariantGroup section */

/* Begin XCBuildConfiguration section */
		EFAFC2062076AA1E005DF34A /* Debug */ = {
			isa = XCBuildConfiguration;
			buildSettings = {
				ALWAYS_SEARCH_USER_PATHS = NO;
				CLANG_ANALYZER_NONNULL = YES;
				CLANG_ANALYZER_NUMBER_OBJECT_CONVERSION = YES_AGGRESSIVE;
				CLANG_CXX_LANGUAGE_STANDARD = "gnu++14";
				CLANG_CXX_LIBRARY = "libc++";
				CLANG_ENABLE_MODULES = YES;
				CLANG_ENABLE_OBJC_ARC = YES;
				CLANG_WARN_BLOCK_CAPTURE_AUTORELEASING = YES;
				CLANG_WARN_BOOL_CONVERSION = YES;
				CLANG_WARN_COMMA = YES;
				CLANG_WARN_CONSTANT_CONVERSION = YES;
				CLANG_WARN_DIRECT_OBJC_ISA_USAGE = YES_ERROR;
				CLANG_WARN_DOCUMENTATION_COMMENTS = YES;
				CLANG_WARN_EMPTY_BODY = YES;
				CLANG_WARN_ENUM_CONVERSION = YES;
				CLANG_WARN_INFINITE_RECURSION = YES;
				CLANG_WARN_INT_CONVERSION = YES;
				CLANG_WARN_NON_LITERAL_NULL_CONVERSION = YES;
				CLANG_WARN_OBJC_LITERAL_CONVERSION = YES;
				CLANG_WARN_OBJC_ROOT_CLASS = YES_ERROR;
				CLANG_WARN_RANGE_LOOP_ANALYSIS = YES;
				CLANG_WARN_STRICT_PROTOTYPES = YES;
				CLANG_WARN_SUSPICIOUS_MOVE = YES;
				CLANG_WARN_UNGUARDED_AVAILABILITY = YES_AGGRESSIVE;
				CLANG_WARN_UNREACHABLE_CODE = YES;
				CLANG_WARN__DUPLICATE_METHOD_MATCH = YES;
				CODE_SIGN_IDENTITY = "iPhone Developer";
				COPY_PHASE_STRIP = NO;
				DEBUG_INFORMATION_FORMAT = dwarf;
				ENABLE_STRICT_OBJC_MSGSEND = YES;
				ENABLE_TESTABILITY = YES;
				GCC_C_LANGUAGE_STANDARD = gnu11;
				GCC_DYNAMIC_NO_PIC = NO;
				GCC_NO_COMMON_BLOCKS = YES;
				GCC_OPTIMIZATION_LEVEL = 0;
				GCC_PREPROCESSOR_DEFINITIONS = (
					"DEBUG=1",
					"$(inherited)",
				);
				GCC_WARN_64_TO_32_BIT_CONVERSION = YES;
				GCC_WARN_ABOUT_RETURN_TYPE = YES_ERROR;
				GCC_WARN_UNDECLARED_SELECTOR = YES;
				GCC_WARN_UNINITIALIZED_AUTOS = YES_AGGRESSIVE;
				GCC_WARN_UNUSED_FUNCTION = YES;
				GCC_WARN_UNUSED_VARIABLE = YES;
				IPHONEOS_DEPLOYMENT_TARGET = 11.2;
				MTL_ENABLE_DEBUG_INFO = YES;
				ONLY_ACTIVE_ARCH = YES;
				SDKROOT = iphoneos;
				SWIFT_ACTIVE_COMPILATION_CONDITIONS = DEBUG;
				SWIFT_OPTIMIZATION_LEVEL = "-Onone";
			};
			name = Debug;
		};
		EFAFC2072076AA1E005DF34A /* Release */ = {
			isa = XCBuildConfiguration;
			buildSettings = {
				ALWAYS_SEARCH_USER_PATHS = NO;
				CLANG_ANALYZER_NONNULL = YES;
				CLANG_ANALYZER_NUMBER_OBJECT_CONVERSION = YES_AGGRESSIVE;
				CLANG_CXX_LANGUAGE_STANDARD = "gnu++14";
				CLANG_CXX_LIBRARY = "libc++";
				CLANG_ENABLE_MODULES = YES;
				CLANG_ENABLE_OBJC_ARC = YES;
				CLANG_WARN_BLOCK_CAPTURE_AUTORELEASING = YES;
				CLANG_WARN_BOOL_CONVERSION = YES;
				CLANG_WARN_COMMA = YES;
				CLANG_WARN_CONSTANT_CONVERSION = YES;
				CLANG_WARN_DIRECT_OBJC_ISA_USAGE = YES_ERROR;
				CLANG_WARN_DOCUMENTATION_COMMENTS = YES;
				CLANG_WARN_EMPTY_BODY = YES;
				CLANG_WARN_ENUM_CONVERSION = YES;
				CLANG_WARN_INFINITE_RECURSION = YES;
				CLANG_WARN_INT_CONVERSION = YES;
				CLANG_WARN_NON_LITERAL_NULL_CONVERSION = YES;
				CLANG_WARN_OBJC_LITERAL_CONVERSION = YES;
				CLANG_WARN_OBJC_ROOT_CLASS = YES_ERROR;
				CLANG_WARN_RANGE_LOOP_ANALYSIS = YES;
				CLANG_WARN_STRICT_PROTOTYPES = YES;
				CLANG_WARN_SUSPICIOUS_MOVE = YES;
				CLANG_WARN_UNGUARDED_AVAILABILITY = YES_AGGRESSIVE;
				CLANG_WARN_UNREACHABLE_CODE = YES;
				CLANG_WARN__DUPLICATE_METHOD_MATCH = YES;
				CODE_SIGN_IDENTITY = "iPhone Developer";
				COPY_PHASE_STRIP = NO;
				DEBUG_INFORMATION_FORMAT = "dwarf-with-dsym";
				ENABLE_NS_ASSERTIONS = NO;
				ENABLE_STRICT_OBJC_MSGSEND = YES;
				GCC_C_LANGUAGE_STANDARD = gnu11;
				GCC_NO_COMMON_BLOCKS = YES;
				GCC_WARN_64_TO_32_BIT_CONVERSION = YES;
				GCC_WARN_ABOUT_RETURN_TYPE = YES_ERROR;
				GCC_WARN_UNDECLARED_SELECTOR = YES;
				GCC_WARN_UNINITIALIZED_AUTOS = YES_AGGRESSIVE;
				GCC_WARN_UNUSED_FUNCTION = YES;
				GCC_WARN_UNUSED_VARIABLE = YES;
				IPHONEOS_DEPLOYMENT_TARGET = 11.2;
				MTL_ENABLE_DEBUG_INFO = NO;
				SDKROOT = iphoneos;
				SWIFT_OPTIMIZATION_LEVEL = "-Owholemodule";
				VALIDATE_PRODUCT = YES;
			};
			name = Release;
		};
		EFAFC2092076AA1E005DF34A /* Debug */ = {
			isa = XCBuildConfiguration;
			buildSettings = {
				ASSETCATALOG_COMPILER_APPICON_NAME = AppIcon;
				CODE_SIGN_STYLE = Automatic;
				FRAMEWORK_SEARCH_PATHS = (
					"$(inherited)",
					"$(PROJECT_DIR)",
				);
				INFOPLIST_FILE = Crosser/Info.plist;
				LD_RUNPATH_SEARCH_PATHS = "$(inherited) @executable_path/Frameworks";
				OTHER_LDFLAGS = (
					"-ObjC",
					"-lc++",
				);
				PRODUCT_BUNDLE_IDENTIFIER = DKR.Crosser;
				PRODUCT_NAME = "$(TARGET_NAME)";
				SWIFT_VERSION = 4.0;
				TARGETED_DEVICE_FAMILY = "1,2";
			};
			name = Debug;
		};
		EFAFC20A2076AA1E005DF34A /* Release */ = {
			isa = XCBuildConfiguration;
			buildSettings = {
				ASSETCATALOG_COMPILER_APPICON_NAME = AppIcon;
				CODE_SIGN_STYLE = Automatic;
				FRAMEWORK_SEARCH_PATHS = (
					"$(inherited)",
					"$(PROJECT_DIR)",
				);
				INFOPLIST_FILE = Crosser/Info.plist;
				LD_RUNPATH_SEARCH_PATHS = "$(inherited) @executable_path/Frameworks";
				OTHER_LDFLAGS = (
					"-ObjC",
					"-lc++",
				);
				PRODUCT_BUNDLE_IDENTIFIER = DKR.Crosser;
				PRODUCT_NAME = "$(TARGET_NAME)";
				SWIFT_VERSION = 4.0;
				TARGETED_DEVICE_FAMILY = "1,2";
			};
			name = Release;
		};
/* End XCBuildConfiguration section */

/* Begin XCConfigurationList section */
		EFAFC1EB2076AA1E005DF34A /* Build configuration list for PBXProject "Crosser" */ = {
			isa = XCConfigurationList;
			buildConfigurations = (
				EFAFC2062076AA1E005DF34A /* Debug */,
				EFAFC2072076AA1E005DF34A /* Release */,
			);
			defaultConfigurationIsVisible = 0;
			defaultConfigurationName = Release;
		};
		EFAFC2082076AA1E005DF34A /* Build configuration list for PBXNativeTarget "Crosser" */ = {
			isa = XCConfigurationList;
			buildConfigurations = (
				EFAFC2092076AA1E005DF34A /* Debug */,
				EFAFC20A2076AA1E005DF34A /* Release */,
			);
			defaultConfigurationIsVisible = 0;
			defaultConfigurationName = Release;
		};
/* End XCConfigurationList section */
	};
	rootObject = EFAFC1E82076AA1E005DF34A /* Project object */;
}
